
Microsoft Visual Studio Solution File, Format Version 12.00
# Visual Studio Version 17
VisualStudioVersion = 17.2.32526.322
MinimumVisualStudioVersion = 10.0.40219.1
Project("{9A19103F-16F7-4668-BE54-9A1E7A4F7556}") = "Our.Umbraco.TwoFactorAuth", "Our.Umbraco.TwoFactorAuth\Our.Umbraco.TwoFactorAuth.csproj", "{02C215FA-FC88-43B9-8330-B5745B473065}"
EndProject
Project("{9A19103F-16F7-4668-BE54-9A1E7A4F7556}") = "Our.Umbraco.TwoFactorAuth.Site", "Our.Umbraco.TwoFactorAuth.Site\Our.Umbraco.TwoFactorAuth.Site.csproj", "{F8434016-BB94-4334-9F4B-A8547E53533B}"
EndProject
Project("{FAE04EC0-301F-11D3-BF4B-00C04F79EFBC}") = "Our.Umbraco.TwoFactorAuth.Assets", "Our.Umbraco.TwoFactorAuth.Assets\Our.Umbraco.TwoFactorAuth.Assets.csproj", "{0723C41C-6D04-49D4-980E-0B233A91A976}"
EndProject
Global
	GlobalSection(SolutionConfigurationPlatforms) = preSolution
		Debug|Any CPU = Debug|Any CPU
		Release|Any CPU = Release|Any CPU
	EndGlobalSection
	GlobalSection(ProjectConfigurationPlatforms) = postSolution
		{02C215FA-FC88-43B9-8330-B5745B473065}.Debug|Any CPU.ActiveCfg = Debug|Any CPU
		{02C215FA-FC88-43B9-8330-B5745B473065}.Debug|Any CPU.Build.0 = Debug|Any CPU
		{02C215FA-FC88-43B9-8330-B5745B473065}.Release|Any CPU.ActiveCfg = Release|Any CPU
		{02C215FA-FC88-43B9-8330-B5745B473065}.Release|Any CPU.Build.0 = Release|Any CPU
		{F8434016-BB94-4334-9F4B-A8547E53533B}.Debug|Any CPU.ActiveCfg = Debug|Any CPU
		{F8434016-BB94-4334-9F4B-A8547E53533B}.Debug|Any CPU.Build.0 = Debug|Any CPU
		{F8434016-BB94-4334-9F4B-A8547E53533B}.Release|Any CPU.ActiveCfg = Release|Any CPU
		{F8434016-BB94-4334-9F4B-A8547E53533B}.Release|Any CPU.Build.0 = Release|Any CPU
		{0723C41C-6D04-49D4-980E-0B233A91A976}.Debug|Any CPU.ActiveCfg = Debug|Any CPU
		{0723C41C-6D04-49D4-980E-0B233A91A976}.Debug|Any CPU.Build.0 = Debug|Any CPU
		{0723C41C-6D04-49D4-980E-0B233A91A976}.Release|Any CPU.ActiveCfg = Release|Any CPU
		{0723C41C-6D04-49D4-980E-0B233A91A976}.Release|Any CPU.Build.0 = Release|Any CPU
	EndGlobalSection
	GlobalSection(SolutionProperties) = preSolution
		HideSolutionNode = FALSE
	EndGlobalSection
	GlobalSection(ExtensibilityGlobals) = postSolution
		SolutionGuid = {305D960B-650C-4291-812E-EA15004FCE3C}
	EndGlobalSection
EndGlobal
